
Microsoft Visual Studio Solution File, Format Version 12.00
# Visual Studio 15
VisualStudioVersion = 15.0.26124.0
MinimumVisualStudioVersion = 15.0.26124.0
Project("{FAE04EC0-301F-11D3-BF4B-00C04F79EFBC}") = "GameTOP", "GameTOP\GameTOP.csproj", "{4389B014-C07C-4592-B5D9-AC659A6EF9E9}"
EndProject
Project("{FAE04EC0-301F-11D3-BF4B-00C04F79EFBC}") = "GameTOP.lib", "GameTOP.lib\GameTOP.lib.csproj", "{1EC0E754-602A-445E-B9A2-DC6C46D985C6}"
EndProject
Project("{FAE04EC0-301F-11D3-BF4B-00C04F79EFBC}") = "GameTOP.Interface", "GameTOP.Interface\GameTOP.Interface.csproj", "{B295C432-DD0E-41A1-9ED3-7871AB32DD23}"
EndProject
Global
	GlobalSection(SolutionConfigurationPlatforms) = preSolution
		Debug|Any CPU = Debug|Any CPU
		Debug|x64 = Debug|x64
		Debug|x86 = Debug|x86
		Release|Any CPU = Release|Any CPU
		Release|x64 = Release|x64
		Release|x86 = Release|x86
	EndGlobalSection
	GlobalSection(SolutionProperties) = preSolution
		HideSolutionNode = FALSE
	EndGlobalSection
	GlobalSection(ProjectConfigurationPlatforms) = postSolution
		{4389B014-C07C-4592-B5D9-AC659A6EF9E9}.Debug|Any CPU.ActiveCfg = Debug|Any CPU
		{4389B014-C07C-4592-B5D9-AC659A6EF9E9}.Debug|Any CPU.Build.0 = Debug|Any CPU
		{4389B014-C07C-4592-B5D9-AC659A6EF9E9}.Debug|x64.ActiveCfg = Debug|Any CPU
		{4389B014-C07C-4592-B5D9-AC659A6EF9E9}.Debug|x64.Build.0 = Debug|Any CPU
		{4389B014-C07C-4592-B5D9-AC659A6EF9E9}.Debug|x86.ActiveCfg = Debug|Any CPU
		{4389B014-C07C-4592-B5D9-AC659A6EF9E9}.Debug|x86.Build.0 = Debug|Any CPU
		{4389B014-C07C-4592-B5D9-AC659A6EF9E9}.Release|Any CPU.ActiveCfg = Release|Any CPU
		{4389B014-C07C-4592-B5D9-AC659A6EF9E9}.Release|Any CPU.Build.0 = Release|Any CPU
		{4389B014-C07C-4592-B5D9-AC659A6EF9E9}.Release|x64.ActiveCfg = Release|Any CPU
		{4389B014-C07C-4592-B5D9-AC659A6EF9E9}.Release|x64.Build.0 = Release|Any CPU
		{4389B014-C07C-4592-B5D9-AC659A6EF9E9}.Release|x86.ActiveCfg = Release|Any CPU
		{4389B014-C07C-4592-B5D9-AC659A6EF9E9}.Release|x86.Build.0 = Release|Any CPU
		{1EC0E754-602A-445E-B9A2-DC6C46D985C6}.Debug|Any CPU.ActiveCfg = Debug|Any CPU
		{1EC0E754-602A-445E-B9A2-DC6C46D985C6}.Debug|Any CPU.Build.0 = Debug|Any CPU
		{1EC0E754-602A-445E-B9A2-DC6C46D985C6}.Debug|x64.ActiveCfg = Debug|Any CPU
		{1EC0E754-602A-445E-B9A2-DC6C46D985C6}.Debug|x64.Build.0 = Debug|Any CPU
		{1EC0E754-602A-445E-B9A2-DC6C46D985C6}.Debug|x86.ActiveCfg = Debug|Any CPU
		{1EC0E754-602A-445E-B9A2-DC6C46D985C6}.Debug|x86.Build.0 = Debug|Any CPU
		{1EC0E754-602A-445E-B9A2-DC6C46D985C6}.Release|Any CPU.ActiveCfg = Release|Any CPU
		{1EC0E754-602A-445E-B9A2-DC6C46D985C6}.Release|Any CPU.Build.0 = Release|Any CPU
		{1EC0E754-602A-445E-B9A2-DC6C46D985C6}.Release|x64.ActiveCfg = Release|Any CPU
		{1EC0E754-602A-445E-B9A2-DC6C46D985C6}.Release|x64.Build.0 = Release|Any CPU
		{1EC0E754-602A-445E-B9A2-DC6C46D985C6}.Release|x86.ActiveCfg = Release|Any CPU
		{1EC0E754-602A-445E-B9A2-DC6C46D985C6}.Release|x86.Build.0 = Release|Any CPU
		{B295C432-DD0E-41A1-9ED3-7871AB32DD23}.Debug|Any CPU.ActiveCfg = Debug|Any CPU
		{B295C432-DD0E-41A1-9ED3-7871AB32DD23}.Debug|Any CPU.Build.0 = Debug|Any CPU
		{B295C432-DD0E-41A1-9ED3-7871AB32DD23}.Debug|x64.ActiveCfg = Debug|Any CPU
		{B295C432-DD0E-41A1-9ED3-7871AB32DD23}.Debug|x64.Build.0 = Debug|Any CPU
		{B295C432-DD0E-41A1-9ED3-7871AB32DD23}.Debug|x86.ActiveCfg = Debug|Any CPU
		{B295C432-DD0E-41A1-9ED3-7871AB32DD23}.Debug|x86.Build.0 = Debug|Any CPU
		{B295C432-DD0E-41A1-9ED3-7871AB32DD23}.Release|Any CPU.ActiveCfg = Release|Any CPU
		{B295C432-DD0E-41A1-9ED3-7871AB32DD23}.Release|Any CPU.Build.0 = Release|Any CPU
		{B295C432-DD0E-41A1-9ED3-7871AB32DD23}.Release|x64.ActiveCfg = Release|Any CPU
		{B295C432-DD0E-41A1-9ED3-7871AB32DD23}.Release|x64.Build.0 = Release|Any CPU
		{B295C432-DD0E-41A1-9ED3-7871AB32DD23}.Release|x86.ActiveCfg = Release|Any CPU
		{B295C432-DD0E-41A1-9ED3-7871AB32DD23}.Release|x86.Build.0 = Release|Any CPU
	EndGlobalSection
EndGlobal
